
Microsoft Visual Studio Solution File, Format Version 12.00
# Visual Studio Version 17
VisualStudioVersion = 17.6.33723.286
MinimumVisualStudioVersion = 10.0.40219.1
Project("{54A90642-561A-4BB1-A94E-469ADEE60C69}") = "angularapp", "angularapp\angularapp.esproj", "{5AE519DD-D54E-43D4-866B-EF3EBE6AF15A}"
EndProject
Project("{9A19103F-16F7-4668-BE54-9A1E7A4F7556}") = "webapi", "webapi\webapi.csproj", "{8101616C-4927-41C4-84C5-E0B80AD9714F}"
EndProject
Global
	GlobalSection(SolutionConfigurationPlatforms) = preSolution
		Debug|Any CPU = Debug|Any CPU
		Release|Any CPU = Release|Any CPU
	EndGlobalSection
	GlobalSection(ProjectConfigurationPlatforms) = postSolution
		{5AE519DD-D54E-43D4-866B-EF3EBE6AF15A}.Debug|Any CPU.ActiveCfg = Debug|Any CPU
		{5AE519DD-D54E-43D4-866B-EF3EBE6AF15A}.Debug|Any CPU.Build.0 = Debug|Any CPU
		{5AE519DD-D54E-43D4-866B-EF3EBE6AF15A}.Debug|Any CPU.Deploy.0 = Debug|Any CPU
		{5AE519DD-D54E-43D4-866B-EF3EBE6AF15A}.Release|Any CPU.ActiveCfg = Release|Any CPU
		{5AE519DD-D54E-43D4-866B-EF3EBE6AF15A}.Release|Any CPU.Build.0 = Release|Any CPU
		{5AE519DD-D54E-43D4-866B-EF3EBE6AF15A}.Release|Any CPU.Deploy.0 = Release|Any CPU
		{8101616C-4927-41C4-84C5-E0B80AD9714F}.Debug|Any CPU.ActiveCfg = Debug|Any CPU
		{8101616C-4927-41C4-84C5-E0B80AD9714F}.Debug|Any CPU.Build.0 = Debug|Any CPU
		{8101616C-4927-41C4-84C5-E0B80AD9714F}.Release|Any CPU.ActiveCfg = Release|Any CPU
		{8101616C-4927-41C4-84C5-E0B80AD9714F}.Release|Any CPU.Build.0 = Release|Any CPU
	EndGlobalSection
	GlobalSection(SolutionProperties) = preSolution
		HideSolutionNode = FALSE
	EndGlobalSection
	GlobalSection(ExtensibilityGlobals) = postSolution
		SolutionGuid = {8C50797A-C66D-47CF-8C0A-BEA4D72BE71B}
	EndGlobalSection
EndGlobal
